
Microsoft Visual Studio Solution File, Format Version 12.00
# Visual Studio Version 17
VisualStudioVersion = 17.4.33213.308
MinimumVisualStudioVersion = 10.0.40219.1
Project("{FAE04EC0-301F-11D3-BF4B-00C04F79EFBC}") = "D2_Catalyst_Report", "D2_Catalyst_Report\D2_Catalyst_Report.csproj", "{87229978-B4B7-40BC-8518-7C82E5448DE1}"
EndProject
Global
	GlobalSection(SolutionConfigurationPlatforms) = preSolution
		Debug|Any CPU = Debug|Any CPU
		Release|Any CPU = Release|Any CPU
	EndGlobalSection
	GlobalSection(ProjectConfigurationPlatforms) = postSolution
		{87229978-B4B7-40BC-8518-7C82E5448DE1}.Debug|Any CPU.ActiveCfg = Debug|Any CPU
		{87229978-B4B7-40BC-8518-7C82E5448DE1}.Debug|Any CPU.Build.0 = Debug|Any CPU
		{87229978-B4B7-40BC-8518-7C82E5448DE1}.Release|Any CPU.ActiveCfg = Release|Any CPU
		{87229978-B4B7-40BC-8518-7C82E5448DE1}.Release|Any CPU.Build.0 = Release|Any CPU
	EndGlobalSection
	GlobalSection(SolutionProperties) = preSolution
		HideSolutionNode = FALSE
	EndGlobalSection
	GlobalSection(ExtensibilityGlobals) = postSolution
		SolutionGuid = {C4431FFD-5E85-45EF-BB3B-9D74D9FE3669}
	EndGlobalSection
EndGlobal
